
Microsoft Visual Studio Solution File, Format Version 12.00
# Visual Studio 15
VisualStudioVersion = 15.0.26730.10
MinimumVisualStudioVersion = 10.0.40219.1

Project("{6EC3EE1D-3C4E-46DD-8F32-0CC8E7565705}") = "FabulousMasterDetail", "FabulousMasterDetail\FabulousMasterDetail.fsproj", "{3B175E55-A30D-4711-82FC-3FAD6CC04822}"
EndProject

Project("{F2A71F9B-5D33-465A-A702-920D77279786}") = "FabulousMasterDetail.Android", "FabulousMasterDetail.Android\FabulousMasterDetail.Android.fsproj", "{F4F56B85-998A-400E-8543-F55186ED692D}"
EndProject


Project("{F2A71F9B-5D33-465A-A702-920D77279786}") = "FabulousMasterDetail.iOS", "FabulousMasterDetail.iOS\FabulousMasterDetail.iOS.fsproj", "{A3833D5A-DDD2-4292-98DA-57A9B535C05A}"
EndProject




Global
	GlobalSection(SolutionConfigurationPlatforms) = preSolution
		Ad-Hoc|Any CPU = Ad-Hoc|Any CPU
		Ad-Hoc|ARM = Ad-Hoc|ARM
		Ad-Hoc|iPhone = Ad-Hoc|iPhone
		Ad-Hoc|iPhoneSimulator = Ad-Hoc|iPhoneSimulator
		Ad-Hoc|x64 = Ad-Hoc|x64
		Ad-Hoc|x86 = Ad-Hoc|x86
		AppStore|Any CPU = AppStore|Any CPU
		AppStore|ARM = AppStore|ARM
		AppStore|iPhone = AppStore|iPhone
		AppStore|iPhoneSimulator = AppStore|iPhoneSimulator
		AppStore|x64 = AppStore|x64
		AppStore|x86 = AppStore|x86
		Debug|Any CPU = Debug|Any CPU
		Debug|ARM = Debug|ARM
		Debug|iPhone = Debug|iPhone
		Debug|iPhoneSimulator = Debug|iPhoneSimulator
		Debug|x64 = Debug|x64
		Debug|x86 = Debug|x86
		Release|Any CPU = Release|Any CPU
		Release|ARM = Release|ARM
		Release|iPhone = Release|iPhone
		Release|iPhoneSimulator = Release|iPhoneSimulator
		Release|x64 = Release|x64
		Release|x86 = Release|x86
	EndGlobalSection
	GlobalSection(ProjectConfigurationPlatforms) = postSolution
		{3B175E55-A30D-4711-82FC-3FAD6CC04822}.Ad-Hoc|Any CPU.ActiveCfg = Debug|Any CPU
		{3B175E55-A30D-4711-82FC-3FAD6CC04822}.Ad-Hoc|Any CPU.Build.0 = Debug|Any CPU
		{3B175E55-A30D-4711-82FC-3FAD6CC04822}.Ad-Hoc|ARM.ActiveCfg = Debug|Any CPU
		{3B175E55-A30D-4711-82FC-3FAD6CC04822}.Ad-Hoc|ARM.Build.0 = Debug|Any CPU
		{3B175E55-A30D-4711-82FC-3FAD6CC04822}.Ad-Hoc|iPhone.ActiveCfg = Debug|Any CPU
		{3B175E55-A30D-4711-82FC-3FAD6CC04822}.Ad-Hoc|iPhone.Build.0 = Debug|Any CPU
		{3B175E55-A30D-4711-82FC-3FAD6CC04822}.Ad-Hoc|iPhoneSimulator.ActiveCfg = Debug|Any CPU
		{3B175E55-A30D-4711-82FC-3FAD6CC04822}.Ad-Hoc|iPhoneSimulator.Build.0 = Debug|Any CPU
		{3B175E55-A30D-4711-82FC-3FAD6CC04822}.Ad-Hoc|x64.ActiveCfg = Debug|Any CPU
		{3B175E55-A30D-4711-82FC-3FAD6CC04822}.Ad-Hoc|x64.Build.0 = Debug|Any CPU
		{3B175E55-A30D-4711-82FC-3FAD6CC04822}.Ad-Hoc|x86.ActiveCfg = Debug|Any CPU
		{3B175E55-A30D-4711-82FC-3FAD6CC04822}.Ad-Hoc|x86.Build.0 = Debug|Any CPU
		{3B175E55-A30D-4711-82FC-3FAD6CC04822}.AppStore|Any CPU.ActiveCfg = Debug|Any CPU
		{3B175E55-A30D-4711-82FC-3FAD6CC04822}.AppStore|Any CPU.Build.0 = Debug|Any CPU
		{3B175E55-A30D-4711-82FC-3FAD6CC04822}.AppStore|ARM.ActiveCfg = Debug|Any CPU
		{3B175E55-A30D-4711-82FC-3FAD6CC04822}.AppStore|ARM.Build.0 = Debug|Any CPU
		{3B175E55-A30D-4711-82FC-3FAD6CC04822}.AppStore|iPhone.ActiveCfg = Debug|Any CPU
		{3B175E55-A30D-4711-82FC-3FAD6CC04822}.AppStore|iPhone.Build.0 = Debug|Any CPU
		{3B175E55-A30D-4711-82FC-3FAD6CC04822}.AppStore|iPhoneSimulator.ActiveCfg = Debug|Any CPU
		{3B175E55-A30D-4711-82FC-3FAD6CC04822}.AppStore|iPhoneSimulator.Build.0 = Debug|Any CPU
		{3B175E55-A30D-4711-82FC-3FAD6CC04822}.AppStore|x64.ActiveCfg = Debug|Any CPU
		{3B175E55-A30D-4711-82FC-3FAD6CC04822}.AppStore|x64.Build.0 = Debug|Any CPU
		{3B175E55-A30D-4711-82FC-3FAD6CC04822}.AppStore|x86.ActiveCfg = Debug|Any CPU
		{3B175E55-A30D-4711-82FC-3FAD6CC04822}.AppStore|x86.Build.0 = Debug|Any CPU
		{3B175E55-A30D-4711-82FC-3FAD6CC04822}.Debug|Any CPU.ActiveCfg = Debug|Any CPU
		{3B175E55-A30D-4711-82FC-3FAD6CC04822}.Debug|Any CPU.Build.0 = Debug|Any CPU
		{3B175E55-A30D-4711-82FC-3FAD6CC04822}.Debug|ARM.ActiveCfg = Debug|Any CPU
		{3B175E55-A30D-4711-82FC-3FAD6CC04822}.Debug|ARM.Build.0 = Debug|Any CPU
		{3B175E55-A30D-4711-82FC-3FAD6CC04822}.Debug|iPhone.ActiveCfg = Debug|Any CPU
		{3B175E55-A30D-4711-82FC-3FAD6CC04822}.Debug|iPhone.Build.0 = Debug|Any CPU
		{3B175E55-A30D-4711-82FC-3FAD6CC04822}.Debug|iPhoneSimulator.ActiveCfg = Debug|Any CPU
		{3B175E55-A30D-4711-82FC-3FAD6CC04822}.Debug|iPhoneSimulator.Build.0 = Debug|Any CPU
		{3B175E55-A30D-4711-82FC-3FAD6CC04822}.Debug|x64.ActiveCfg = Debug|Any CPU
		{3B175E55-A30D-4711-82FC-3FAD6CC04822}.Debug|x64.Build.0 = Debug|Any CPU
		{3B175E55-A30D-4711-82FC-3FAD6CC04822}.Debug|x86.ActiveCfg = Debug|Any CPU
		{3B175E55-A30D-4711-82FC-3FAD6CC04822}.Debug|x86.Build.0 = Debug|Any CPU
		{3B175E55-A30D-4711-82FC-3FAD6CC04822}.Release|Any CPU.ActiveCfg = Release|Any CPU
		{3B175E55-A30D-4711-82FC-3FAD6CC04822}.Release|Any CPU.Build.0 = Release|Any CPU
		{3B175E55-A30D-4711-82FC-3FAD6CC04822}.Release|ARM.ActiveCfg = Release|Any CPU
		{3B175E55-A30D-4711-82FC-3FAD6CC04822}.Release|ARM.Build.0 = Release|Any CPU
		{3B175E55-A30D-4711-82FC-3FAD6CC04822}.Release|iPhone.ActiveCfg = Release|Any CPU
		{3B175E55-A30D-4711-82FC-3FAD6CC04822}.Release|iPhone.Build.0 = Release|Any CPU
		{3B175E55-A30D-4711-82FC-3FAD6CC04822}.Release|iPhoneSimulator.ActiveCfg = Release|Any CPU
		{3B175E55-A30D-4711-82FC-3FAD6CC04822}.Release|iPhoneSimulator.Build.0 = Release|Any CPU
		{3B175E55-A30D-4711-82FC-3FAD6CC04822}.Release|x64.ActiveCfg = Release|Any CPU
		{3B175E55-A30D-4711-82FC-3FAD6CC04822}.Release|x64.Build.0 = Release|Any CPU
		{3B175E55-A30D-4711-82FC-3FAD6CC04822}.Release|x86.ActiveCfg = Release|Any CPU
		{3B175E55-A30D-4711-82FC-3FAD6CC04822}.Release|x86.Build.0 = Release|Any CPU
		{A3833D5A-DDD2-4292-98DA-57A9B535C05A}.Ad-Hoc|Any CPU.ActiveCfg = Ad-Hoc|iPhone
		{A3833D5A-DDD2-4292-98DA-57A9B535C05A}.Ad-Hoc|ARM.ActiveCfg = Ad-Hoc|iPhone
		{A3833D5A-DDD2-4292-98DA-57A9B535C05A}.Ad-Hoc|iPhone.ActiveCfg = Ad-Hoc|iPhone
		{A3833D5A-DDD2-4292-98DA-57A9B535C05A}.Ad-Hoc|iPhone.Build.0 = Ad-Hoc|iPhone
		{A3833D5A-DDD2-4292-98DA-57A9B535C05A}.Ad-Hoc|iPhoneSimulator.ActiveCfg = Ad-Hoc|iPhoneSimulator
		{A3833D5A-DDD2-4292-98DA-57A9B535C05A}.Ad-Hoc|iPhoneSimulator.Build.0 = Ad-Hoc|iPhoneSimulator
		{A3833D5A-DDD2-4292-98DA-57A9B535C05A}.Ad-Hoc|x64.ActiveCfg = Ad-Hoc|iPhone
		{A3833D5A-DDD2-4292-98DA-57A9B535C05A}.Ad-Hoc|x86.ActiveCfg = Ad-Hoc|iPhone
		{A3833D5A-DDD2-4292-98DA-57A9B535C05A}.AppStore|Any CPU.ActiveCfg = AppStore|iPhone
		{A3833D5A-DDD2-4292-98DA-57A9B535C05A}.AppStore|ARM.ActiveCfg = AppStore|iPhone
		{A3833D5A-DDD2-4292-98DA-57A9B535C05A}.AppStore|iPhone.ActiveCfg = AppStore|iPhone
		{A3833D5A-DDD2-4292-98DA-57A9B535C05A}.AppStore|iPhone.Build.0 = AppStore|iPhone
		{A3833D5A-DDD2-4292-98DA-57A9B535C05A}.AppStore|iPhoneSimulator.ActiveCfg = AppStore|iPhoneSimulator
		{A3833D5A-DDD2-4292-98DA-57A9B535C05A}.AppStore|iPhoneSimulator.Build.0 = AppStore|iPhoneSimulator
		{A3833D5A-DDD2-4292-98DA-57A9B535C05A}.AppStore|x64.ActiveCfg = AppStore|iPhone
		{A3833D5A-DDD2-4292-98DA-57A9B535C05A}.AppStore|x86.ActiveCfg = AppStore|iPhone
		{A3833D5A-DDD2-4292-98DA-57A9B535C05A}.Debug|Any CPU.ActiveCfg = Debug|iPhone
		{A3833D5A-DDD2-4292-98DA-57A9B535C05A}.Debug|ARM.ActiveCfg = Debug|iPhone
		{A3833D5A-DDD2-4292-98DA-57A9B535C05A}.Debug|iPhone.ActiveCfg = Debug|iPhone
		{A3833D5A-DDD2-4292-98DA-57A9B535C05A}.Debug|iPhone.Build.0 = Debug|iPhone
		{A3833D5A-DDD2-4292-98DA-57A9B535C05A}.Debug|iPhoneSimulator.ActiveCfg = Debug|iPhoneSimulator
		{A3833D5A-DDD2-4292-98DA-57A9B535C05A}.Debug|iPhoneSimulator.Build.0 = Debug|iPhoneSimulator
		{A3833D5A-DDD2-4292-98DA-57A9B535C05A}.Debug|x64.ActiveCfg = Debug|iPhone
		{A3833D5A-DDD2-4292-98DA-57A9B535C05A}.Debug|x86.ActiveCfg = Debug|iPhone
		{A3833D5A-DDD2-4292-98DA-57A9B535C05A}.Release|Any CPU.ActiveCfg = Release|iPhone
		{A3833D5A-DDD2-4292-98DA-57A9B535C05A}.Release|ARM.ActiveCfg = Release|iPhone
		{A3833D5A-DDD2-4292-98DA-57A9B535C05A}.Release|iPhone.ActiveCfg = Release|iPhone
		{A3833D5A-DDD2-4292-98DA-57A9B535C05A}.Release|iPhone.Build.0 = Release|iPhone
		{A3833D5A-DDD2-4292-98DA-57A9B535C05A}.Release|iPhoneSimulator.ActiveCfg = Release|iPhoneSimulator
		{A3833D5A-DDD2-4292-98DA-57A9B535C05A}.Release|iPhoneSimulator.Build.0 = Release|iPhoneSimulator
		{A3833D5A-DDD2-4292-98DA-57A9B535C05A}.Release|x64.ActiveCfg = Release|iPhone
		{A3833D5A-DDD2-4292-98DA-57A9B535C05A}.Release|x86.ActiveCfg = Release|iPhone
		{78D05715-B014-4E22-8CD6-95D7ACD6AD34}.Ad-Hoc|Any CPU.ActiveCfg = Release|x86
		{78D05715-B014-4E22-8CD6-95D7ACD6AD34}.Ad-Hoc|Any CPU.Build.0 = Release|x86
		{78D05715-B014-4E22-8CD6-95D7ACD6AD34}.Ad-Hoc|Any CPU.Deploy.0 = Release|x86
		{78D05715-B014-4E22-8CD6-95D7ACD6AD34}.Ad-Hoc|ARM.ActiveCfg = Release|ARM
		{78D05715-B014-4E22-8CD6-95D7ACD6AD34}.Ad-Hoc|ARM.Build.0 = Release|ARM
		{78D05715-B014-4E22-8CD6-95D7ACD6AD34}.Ad-Hoc|ARM.Deploy.0 = Release|ARM
		{78D05715-B014-4E22-8CD6-95D7ACD6AD34}.Ad-Hoc|iPhone.ActiveCfg = Release|x86
		{78D05715-B014-4E22-8CD6-95D7ACD6AD34}.Ad-Hoc|iPhone.Build.0 = Release|x86
		{78D05715-B014-4E22-8CD6-95D7ACD6AD34}.Ad-Hoc|iPhone.Deploy.0 = Release|x86
		{78D05715-B014-4E22-8CD6-95D7ACD6AD34}.Ad-Hoc|iPhoneSimulator.ActiveCfg = Release|x86
		{78D05715-B014-4E22-8CD6-95D7ACD6AD34}.Ad-Hoc|iPhoneSimulator.Build.0 = Release|x86
		{78D05715-B014-4E22-8CD6-95D7ACD6AD34}.Ad-Hoc|iPhoneSimulator.Deploy.0 = Release|x86
		{78D05715-B014-4E22-8CD6-95D7ACD6AD34}.Ad-Hoc|x64.ActiveCfg = Release|x64
		{78D05715-B014-4E22-8CD6-95D7ACD6AD34}.Ad-Hoc|x64.Build.0 = Release|x64
		{78D05715-B014-4E22-8CD6-95D7ACD6AD34}.Ad-Hoc|x64.Deploy.0 = Release|x64
		{78D05715-B014-4E22-8CD6-95D7ACD6AD34}.Ad-Hoc|x86.ActiveCfg = Release|x86
		{78D05715-B014-4E22-8CD6-95D7ACD6AD34}.Ad-Hoc|x86.Build.0 = Release|x86
		{78D05715-B014-4E22-8CD6-95D7ACD6AD34}.Ad-Hoc|x86.Deploy.0 = Release|x86
		{78D05715-B014-4E22-8CD6-95D7ACD6AD34}.AppStore|Any CPU.ActiveCfg = Release|x86
		{78D05715-B014-4E22-8CD6-95D7ACD6AD34}.AppStore|Any CPU.Build.0 = Release|x86
		{78D05715-B014-4E22-8CD6-95D7ACD6AD34}.AppStore|Any CPU.Deploy.0 = Release|x86
		{78D05715-B014-4E22-8CD6-95D7ACD6AD34}.AppStore|ARM.ActiveCfg = Release|ARM
		{78D05715-B014-4E22-8CD6-95D7ACD6AD34}.AppStore|ARM.Build.0 = Release|ARM
		{78D05715-B014-4E22-8CD6-95D7ACD6AD34}.AppStore|ARM.Deploy.0 = Release|ARM
		{78D05715-B014-4E22-8CD6-95D7ACD6AD34}.AppStore|iPhone.ActiveCfg = Release|x86
		{78D05715-B014-4E22-8CD6-95D7ACD6AD34}.AppStore|iPhone.Build.0 = Release|x86
		{78D05715-B014-4E22-8CD6-95D7ACD6AD34}.AppStore|iPhone.Deploy.0 = Release|x86
		{78D05715-B014-4E22-8CD6-95D7ACD6AD34}.AppStore|iPhoneSimulator.ActiveCfg = Release|x86
		{78D05715-B014-4E22-8CD6-95D7ACD6AD34}.AppStore|iPhoneSimulator.Build.0 = Release|x86
		{78D05715-B014-4E22-8CD6-95D7ACD6AD34}.AppStore|iPhoneSimulator.Deploy.0 = Release|x86
		{78D05715-B014-4E22-8CD6-95D7ACD6AD34}.AppStore|x64.ActiveCfg = Release|x64
		{78D05715-B014-4E22-8CD6-95D7ACD6AD34}.AppStore|x64.Build.0 = Release|x64
		{78D05715-B014-4E22-8CD6-95D7ACD6AD34}.AppStore|x64.Deploy.0 = Release|x64
		{78D05715-B014-4E22-8CD6-95D7ACD6AD34}.AppStore|x86.ActiveCfg = Release|x86
		{78D05715-B014-4E22-8CD6-95D7ACD6AD34}.AppStore|x86.Build.0 = Release|x86
		{78D05715-B014-4E22-8CD6-95D7ACD6AD34}.AppStore|x86.Deploy.0 = Release|x86
		{78D05715-B014-4E22-8CD6-95D7ACD6AD34}.Debug|Any CPU.ActiveCfg = Debug|x86
		{78D05715-B014-4E22-8CD6-95D7ACD6AD34}.Debug|ARM.ActiveCfg = Debug|ARM
		{78D05715-B014-4E22-8CD6-95D7ACD6AD34}.Debug|ARM.Build.0 = Debug|ARM
		{78D05715-B014-4E22-8CD6-95D7ACD6AD34}.Debug|ARM.Deploy.0 = Debug|ARM
		{78D05715-B014-4E22-8CD6-95D7ACD6AD34}.Debug|iPhone.ActiveCfg = Debug|x86
		{78D05715-B014-4E22-8CD6-95D7ACD6AD34}.Debug|iPhoneSimulator.ActiveCfg = Debug|x86
		{78D05715-B014-4E22-8CD6-95D7ACD6AD34}.Debug|x64.ActiveCfg = Debug|x64
		{78D05715-B014-4E22-8CD6-95D7ACD6AD34}.Debug|x64.Build.0 = Debug|x64
		{78D05715-B014-4E22-8CD6-95D7ACD6AD34}.Debug|x64.Deploy.0 = Debug|x64
		{78D05715-B014-4E22-8CD6-95D7ACD6AD34}.Debug|x86.ActiveCfg = Debug|x86
		{78D05715-B014-4E22-8CD6-95D7ACD6AD34}.Debug|x86.Build.0 = Debug|x86
		{78D05715-B014-4E22-8CD6-95D7ACD6AD34}.Debug|x86.Deploy.0 = Debug|x86
		{78D05715-B014-4E22-8CD6-95D7ACD6AD34}.Release|Any CPU.ActiveCfg = Release|x86
		{78D05715-B014-4E22-8CD6-95D7ACD6AD34}.Release|ARM.ActiveCfg = Release|ARM
		{78D05715-B014-4E22-8CD6-95D7ACD6AD34}.Release|ARM.Build.0 = Release|ARM
		{78D05715-B014-4E22-8CD6-95D7ACD6AD34}.Release|ARM.Deploy.0 = Release|ARM
		{78D05715-B014-4E22-8CD6-95D7ACD6AD34}.Release|iPhone.ActiveCfg = Release|x86
		{78D05715-B014-4E22-8CD6-95D7ACD6AD34}.Release|iPhoneSimulator.ActiveCfg = Release|x86
		{78D05715-B014-4E22-8CD6-95D7ACD6AD34}.Release|x64.ActiveCfg = Release|x64
		{78D05715-B014-4E22-8CD6-95D7ACD6AD34}.Release|x64.Build.0 = Release|x64
		{78D05715-B014-4E22-8CD6-95D7ACD6AD34}.Release|x64.Deploy.0 = Release|x64
		{78D05715-B014-4E22-8CD6-95D7ACD6AD34}.Release|x86.ActiveCfg = Release|x86
		{78D05715-B014-4E22-8CD6-95D7ACD6AD34}.Release|x86.Build.0 = Release|x86
		{78D05715-B014-4E22-8CD6-95D7ACD6AD34}.Release|x86.Deploy.0 = Release|x86
		{4FB22505-2E60-4ACB-8663-9EC66B03846D}.Ad-Hoc|Any CPU.ActiveCfg = Release|Any CPU
		{4FB22505-2E60-4ACB-8663-9EC66B03846D}.Ad-Hoc|Any CPU.Build.0 = Release|Any CPU
		{4FB22505-2E60-4ACB-8663-9EC66B03846D}.Ad-Hoc|ARM.ActiveCfg = Release|Any CPU
		{4FB22505-2E60-4ACB-8663-9EC66B03846D}.Ad-Hoc|ARM.Build.0 = Release|Any CPU
		{4FB22505-2E60-4ACB-8663-9EC66B03846D}.Ad-Hoc|iPhone.ActiveCfg = Release|Any CPU
		{4FB22505-2E60-4ACB-8663-9EC66B03846D}.Ad-Hoc|iPhone.Build.0 = Release|Any CPU
		{4FB22505-2E60-4ACB-8663-9EC66B03846D}.Ad-Hoc|iPhoneSimulator.ActiveCfg = Release|Any CPU
		{4FB22505-2E60-4ACB-8663-9EC66B03846D}.Ad-Hoc|iPhoneSimulator.Build.0 = Release|Any CPU
		{4FB22505-2E60-4ACB-8663-9EC66B03846D}.Ad-Hoc|x64.ActiveCfg = Release|Any CPU
		{4FB22505-2E60-4ACB-8663-9EC66B03846D}.Ad-Hoc|x64.Build.0 = Release|Any CPU
		{4FB22505-2E60-4ACB-8663-9EC66B03846D}.Ad-Hoc|x86.ActiveCfg = Release|Any CPU
		{4FB22505-2E60-4ACB-8663-9EC66B03846D}.Ad-Hoc|x86.Build.0 = Release|Any CPU
		{4FB22505-2E60-4ACB-8663-9EC66B03846D}.AppStore|Any CPU.ActiveCfg = Release|Any CPU
		{4FB22505-2E60-4ACB-8663-9EC66B03846D}.AppStore|Any CPU.Build.0 = Release|Any CPU
		{4FB22505-2E60-4ACB-8663-9EC66B03846D}.AppStore|ARM.ActiveCfg = Release|Any CPU
		{4FB22505-2E60-4ACB-8663-9EC66B03846D}.AppStore|ARM.Build.0 = Release|Any CPU
		{4FB22505-2E60-4ACB-8663-9EC66B03846D}.AppStore|iPhone.ActiveCfg = Release|Any CPU
		{4FB22505-2E60-4ACB-8663-9EC66B03846D}.AppStore|iPhone.Build.0 = Release|Any CPU
		{4FB22505-2E60-4ACB-8663-9EC66B03846D}.AppStore|iPhoneSimulator.ActiveCfg = Release|Any CPU
		{4FB22505-2E60-4ACB-8663-9EC66B03846D}.AppStore|iPhoneSimulator.Build.0 = Release|Any CPU
		{4FB22505-2E60-4ACB-8663-9EC66B03846D}.AppStore|x64.ActiveCfg = Release|Any CPU
		{4FB22505-2E60-4ACB-8663-9EC66B03846D}.AppStore|x64.Build.0 = Release|Any CPU
		{4FB22505-2E60-4ACB-8663-9EC66B03846D}.AppStore|x86.ActiveCfg = Release|Any CPU
		{4FB22505-2E60-4ACB-8663-9EC66B03846D}.AppStore|x86.Build.0 = Release|Any CPU
		{4FB22505-2E60-4ACB-8663-9EC66B03846D}.Debug|Any CPU.ActiveCfg = Debug|Any CPU
		{4FB22505-2E60-4ACB-8663-9EC66B03846D}.Debug|Any CPU.Build.0 = Debug|Any CPU
		{4FB22505-2E60-4ACB-8663-9EC66B03846D}.Debug|ARM.ActiveCfg = Debug|Any CPU
		{4FB22505-2E60-4ACB-8663-9EC66B03846D}.Debug|ARM.Build.0 = Debug|Any CPU
		{4FB22505-2E60-4ACB-8663-9EC66B03846D}.Debug|iPhone.ActiveCfg = Debug|Any CPU
		{4FB22505-2E60-4ACB-8663-9EC66B03846D}.Debug|iPhone.Build.0 = Debug|Any CPU
		{4FB22505-2E60-4ACB-8663-9EC66B03846D}.Debug|iPhoneSimulator.ActiveCfg = Debug|Any CPU
		{4FB22505-2E60-4ACB-8663-9EC66B03846D}.Debug|iPhoneSimulator.Build.0 = Debug|Any CPU
		{4FB22505-2E60-4ACB-8663-9EC66B03846D}.Debug|x64.ActiveCfg = Debug|Any CPU
		{4FB22505-2E60-4ACB-8663-9EC66B03846D}.Debug|x64.Build.0 = Debug|Any CPU
		{4FB22505-2E60-4ACB-8663-9EC66B03846D}.Debug|x86.ActiveCfg = Debug|Any CPU
		{4FB22505-2E60-4ACB-8663-9EC66B03846D}.Debug|x86.Build.0 = Debug|Any CPU
		{4FB22505-2E60-4ACB-8663-9EC66B03846D}.Release|Any CPU.ActiveCfg = Release|Any CPU
		{4FB22505-2E60-4ACB-8663-9EC66B03846D}.Release|Any CPU.Build.0 = Release|Any CPU
		{4FB22505-2E60-4ACB-8663-9EC66B03846D}.Release|ARM.ActiveCfg = Release|Any CPU
		{4FB22505-2E60-4ACB-8663-9EC66B03846D}.Release|ARM.Build.0 = Release|Any CPU
		{4FB22505-2E60-4ACB-8663-9EC66B03846D}.Release|iPhone.ActiveCfg = Release|Any CPU
		{4FB22505-2E60-4ACB-8663-9EC66B03846D}.Release|iPhone.Build.0 = Release|Any CPU
		{4FB22505-2E60-4ACB-8663-9EC66B03846D}.Release|iPhoneSimulator.ActiveCfg = Release|Any CPU
		{4FB22505-2E60-4ACB-8663-9EC66B03846D}.Release|iPhoneSimulator.Build.0 = Release|Any CPU
		{4FB22505-2E60-4ACB-8663-9EC66B03846D}.Release|x64.ActiveCfg = Release|Any CPU
		{4FB22505-2E60-4ACB-8663-9EC66B03846D}.Release|x64.Build.0 = Release|Any CPU
		{4FB22505-2E60-4ACB-8663-9EC66B03846D}.Release|x86.ActiveCfg = Release|Any CPU
		{4FB22505-2E60-4ACB-8663-9EC66B03846D}.Release|x86.Build.0 = Release|Any CPU
		{2B3B72FE-F906-4FC3-B178-D576A35B288C}.Ad-Hoc|Any CPU.ActiveCfg = Release|Any CPU
		{2B3B72FE-F906-4FC3-B178-D576A35B288C}.Ad-Hoc|Any CPU.Build.0 = Release|Any CPU
		{2B3B72FE-F906-4FC3-B178-D576A35B288C}.Ad-Hoc|ARM.ActiveCfg = Release|Any CPU
		{2B3B72FE-F906-4FC3-B178-D576A35B288C}.Ad-Hoc|ARM.Build.0 = Release|Any CPU
		{2B3B72FE-F906-4FC3-B178-D576A35B288C}.Ad-Hoc|iPhone.ActiveCfg = Release|Any CPU
		{2B3B72FE-F906-4FC3-B178-D576A35B288C}.Ad-Hoc|iPhone.Build.0 = Release|Any CPU
		{2B3B72FE-F906-4FC3-B178-D576A35B288C}.Ad-Hoc|iPhoneSimulator.ActiveCfg = Release|Any CPU
		{2B3B72FE-F906-4FC3-B178-D576A35B288C}.Ad-Hoc|iPhoneSimulator.Build.0 = Release|Any CPU
		{2B3B72FE-F906-4FC3-B178-D576A35B288C}.Ad-Hoc|x64.ActiveCfg = Release|Any CPU
		{2B3B72FE-F906-4FC3-B178-D576A35B288C}.Ad-Hoc|x64.Build.0 = Release|Any CPU
		{2B3B72FE-F906-4FC3-B178-D576A35B288C}.Ad-Hoc|x86.ActiveCfg = Release|Any CPU
		{2B3B72FE-F906-4FC3-B178-D576A35B288C}.Ad-Hoc|x86.Build.0 = Release|Any CPU
		{2B3B72FE-F906-4FC3-B178-D576A35B288C}.AppStore|Any CPU.ActiveCfg = Release|Any CPU
		{2B3B72FE-F906-4FC3-B178-D576A35B288C}.AppStore|Any CPU.Build.0 = Release|Any CPU
		{2B3B72FE-F906-4FC3-B178-D576A35B288C}.AppStore|ARM.ActiveCfg = Release|Any CPU
		{2B3B72FE-F906-4FC3-B178-D576A35B288C}.AppStore|ARM.Build.0 = Release|Any CPU
		{2B3B72FE-F906-4FC3-B178-D576A35B288C}.AppStore|iPhone.ActiveCfg = Release|Any CPU
		{2B3B72FE-F906-4FC3-B178-D576A35B288C}.AppStore|iPhone.Build.0 = Release|Any CPU
		{2B3B72FE-F906-4FC3-B178-D576A35B288C}.AppStore|iPhoneSimulator.ActiveCfg = Release|Any CPU
		{2B3B72FE-F906-4FC3-B178-D576A35B288C}.AppStore|iPhoneSimulator.Build.0 = Release|Any CPU
		{2B3B72FE-F906-4FC3-B178-D576A35B288C}.AppStore|x64.ActiveCfg = Release|Any CPU
		{2B3B72FE-F906-4FC3-B178-D576A35B288C}.AppStore|x64.Build.0 = Release|Any CPU
		{2B3B72FE-F906-4FC3-B178-D576A35B288C}.AppStore|x86.ActiveCfg = Release|Any CPU
		{2B3B72FE-F906-4FC3-B178-D576A35B288C}.AppStore|x86.Build.0 = Release|Any CPU
		{2B3B72FE-F906-4FC3-B178-D576A35B288C}.Debug|Any CPU.ActiveCfg = Debug|Any CPU
		{2B3B72FE-F906-4FC3-B178-D576A35B288C}.Debug|Any CPU.Build.0 = Debug|Any CPU
		{2B3B72FE-F906-4FC3-B178-D576A35B288C}.Debug|ARM.ActiveCfg = Debug|Any CPU
		{2B3B72FE-F906-4FC3-B178-D576A35B288C}.Debug|ARM.Build.0 = Debug|Any CPU
		{2B3B72FE-F906-4FC3-B178-D576A35B288C}.Debug|iPhone.ActiveCfg = Debug|Any CPU
		{2B3B72FE-F906-4FC3-B178-D576A35B288C}.Debug|iPhone.Build.0 = Debug|Any CPU
		{2B3B72FE-F906-4FC3-B178-D576A35B288C}.Debug|iPhoneSimulator.ActiveCfg = Debug|Any CPU
		{2B3B72FE-F906-4FC3-B178-D576A35B288C}.Debug|iPhoneSimulator.Build.0 = Debug|Any CPU
		{2B3B72FE-F906-4FC3-B178-D576A35B288C}.Debug|x64.ActiveCfg = Debug|Any CPU
		{2B3B72FE-F906-4FC3-B178-D576A35B288C}.Debug|x64.Build.0 = Debug|Any CPU
		{2B3B72FE-F906-4FC3-B178-D576A35B288C}.Debug|x86.ActiveCfg = Debug|Any CPU
		{2B3B72FE-F906-4FC3-B178-D576A35B288C}.Debug|x86.Build.0 = Debug|Any CPU
		{2B3B72FE-F906-4FC3-B178-D576A35B288C}.Release|Any CPU.ActiveCfg = Release|Any CPU
		{2B3B72FE-F906-4FC3-B178-D576A35B288C}.Release|Any CPU.Build.0 = Release|Any CPU
		{2B3B72FE-F906-4FC3-B178-D576A35B288C}.Release|ARM.ActiveCfg = Release|Any CPU
		{2B3B72FE-F906-4FC3-B178-D576A35B288C}.Release|ARM.Build.0 = Release|Any CPU
		{2B3B72FE-F906-4FC3-B178-D576A35B288C}.Release|iPhone.ActiveCfg = Release|Any CPU
		{2B3B72FE-F906-4FC3-B178-D576A35B288C}.Release|iPhone.Build.0 = Release|Any CPU
		{2B3B72FE-F906-4FC3-B178-D576A35B288C}.Release|iPhoneSimulator.ActiveCfg = Release|Any CPU
		{2B3B72FE-F906-4FC3-B178-D576A35B288C}.Release|iPhoneSimulator.Build.0 = Release|Any CPU
		{2B3B72FE-F906-4FC3-B178-D576A35B288C}.Release|x64.ActiveCfg = Release|Any CPU
		{2B3B72FE-F906-4FC3-B178-D576A35B288C}.Release|x64.Build.0 = Release|Any CPU
		{2B3B72FE-F906-4FC3-B178-D576A35B288C}.Release|x86.ActiveCfg = Release|Any CPU
		{2B3B72FE-F906-4FC3-B178-D576A35B288C}.Release|x86.Build.0 = Release|Any CPU
		{F4F56B85-998A-400E-8543-F55186ED692D}.Ad-Hoc|Any CPU.ActiveCfg = Release|Any CPU
		{F4F56B85-998A-400E-8543-F55186ED692D}.Ad-Hoc|Any CPU.Build.0 = Release|Any CPU
		{F4F56B85-998A-400E-8543-F55186ED692D}.Ad-Hoc|ARM.ActiveCfg = Release|Any CPU
		{F4F56B85-998A-400E-8543-F55186ED692D}.Ad-Hoc|ARM.Build.0 = Release|Any CPU
		{F4F56B85-998A-400E-8543-F55186ED692D}.Ad-Hoc|iPhone.ActiveCfg = Release|Any CPU
		{F4F56B85-998A-400E-8543-F55186ED692D}.Ad-Hoc|iPhone.Build.0 = Release|Any CPU
		{F4F56B85-998A-400E-8543-F55186ED692D}.Ad-Hoc|iPhoneSimulator.ActiveCfg = Release|Any CPU
		{F4F56B85-998A-400E-8543-F55186ED692D}.Ad-Hoc|iPhoneSimulator.Build.0 = Release|Any CPU
		{F4F56B85-998A-400E-8543-F55186ED692D}.Ad-Hoc|x64.ActiveCfg = Release|Any CPU
		{F4F56B85-998A-400E-8543-F55186ED692D}.Ad-Hoc|x64.Build.0 = Release|Any CPU
		{F4F56B85-998A-400E-8543-F55186ED692D}.Ad-Hoc|x86.ActiveCfg = Release|Any CPU
		{F4F56B85-998A-400E-8543-F55186ED692D}.Ad-Hoc|x86.Build.0 = Release|Any CPU
		{F4F56B85-998A-400E-8543-F55186ED692D}.AppStore|Any CPU.ActiveCfg = Release|Any CPU
		{F4F56B85-998A-400E-8543-F55186ED692D}.AppStore|Any CPU.Build.0 = Release|Any CPU
		{F4F56B85-998A-400E-8543-F55186ED692D}.AppStore|ARM.ActiveCfg = Release|Any CPU
		{F4F56B85-998A-400E-8543-F55186ED692D}.AppStore|ARM.Build.0 = Release|Any CPU
		{F4F56B85-998A-400E-8543-F55186ED692D}.AppStore|iPhone.ActiveCfg = Release|Any CPU
		{F4F56B85-998A-400E-8543-F55186ED692D}.AppStore|iPhone.Build.0 = Release|Any CPU
		{F4F56B85-998A-400E-8543-F55186ED692D}.AppStore|iPhoneSimulator.ActiveCfg = Release|Any CPU
		{F4F56B85-998A-400E-8543-F55186ED692D}.AppStore|iPhoneSimulator.Build.0 = Release|Any CPU
		{F4F56B85-998A-400E-8543-F55186ED692D}.AppStore|x64.ActiveCfg = Release|Any CPU
		{F4F56B85-998A-400E-8543-F55186ED692D}.AppStore|x64.Build.0 = Release|Any CPU
		{F4F56B85-998A-400E-8543-F55186ED692D}.AppStore|x86.ActiveCfg = Release|Any CPU
		{F4F56B85-998A-400E-8543-F55186ED692D}.AppStore|x86.Build.0 = Release|Any CPU
		{F4F56B85-998A-400E-8543-F55186ED692D}.Debug|Any CPU.ActiveCfg = Debug|Any CPU
		{F4F56B85-998A-400E-8543-F55186ED692D}.Debug|Any CPU.Build.0 = Debug|Any CPU
		{F4F56B85-998A-400E-8543-F55186ED692D}.Debug|Any CPU.Deploy.0 = Debug|Any CPU
		{F4F56B85-998A-400E-8543-F55186ED692D}.Debug|ARM.ActiveCfg = Debug|Any CPU
		{F4F56B85-998A-400E-8543-F55186ED692D}.Debug|ARM.Build.0 = Debug|Any CPU
		{F4F56B85-998A-400E-8543-F55186ED692D}.Debug|iPhone.ActiveCfg = Debug|Any CPU
		{F4F56B85-998A-400E-8543-F55186ED692D}.Debug|iPhone.Build.0 = Debug|Any CPU
		{F4F56B85-998A-400E-8543-F55186ED692D}.Debug|iPhoneSimulator.ActiveCfg = Debug|Any CPU
		{F4F56B85-998A-400E-8543-F55186ED692D}.Debug|iPhoneSimulator.Build.0 = Debug|Any CPU
		{F4F56B85-998A-400E-8543-F55186ED692D}.Debug|x64.ActiveCfg = Debug|Any CPU
		{F4F56B85-998A-400E-8543-F55186ED692D}.Debug|x64.Build.0 = Debug|Any CPU
		{F4F56B85-998A-400E-8543-F55186ED692D}.Debug|x86.ActiveCfg = Debug|Any CPU
		{F4F56B85-998A-400E-8543-F55186ED692D}.Debug|x86.Build.0 = Debug|Any CPU
		{F4F56B85-998A-400E-8543-F55186ED692D}.Release|Any CPU.ActiveCfg = Release|Any CPU
		{F4F56B85-998A-400E-8543-F55186ED692D}.Release|Any CPU.Build.0 = Release|Any CPU
		{F4F56B85-998A-400E-8543-F55186ED692D}.Release|Any CPU.Deploy.0 = Release|Any CPU
		{F4F56B85-998A-400E-8543-F55186ED692D}.Release|ARM.ActiveCfg = Release|Any CPU
		{F4F56B85-998A-400E-8543-F55186ED692D}.Release|ARM.Build.0 = Release|Any CPU
		{F4F56B85-998A-400E-8543-F55186ED692D}.Release|iPhone.ActiveCfg = Release|Any CPU
		{F4F56B85-998A-400E-8543-F55186ED692D}.Release|iPhone.Build.0 = Release|Any CPU
		{F4F56B85-998A-400E-8543-F55186ED692D}.Release|iPhoneSimulator.ActiveCfg = Release|Any CPU
		{F4F56B85-998A-400E-8543-F55186ED692D}.Release|iPhoneSimulator.Build.0 = Release|Any CPU
		{F4F56B85-998A-400E-8543-F55186ED692D}.Release|x64.ActiveCfg = Release|Any CPU
		{F4F56B85-998A-400E-8543-F55186ED692D}.Release|x64.Build.0 = Release|Any CPU
		{F4F56B85-998A-400E-8543-F55186ED692D}.Release|x86.ActiveCfg = Release|Any CPU
		{F4F56B85-998A-400E-8543-F55186ED692D}.Release|x86.Build.0 = Release|Any CPU
		{78D57AEB-3FF0-4CE5-BB58-BCB7A49407E9}.Ad-Hoc|Any CPU.ActiveCfg = Release|Any CPU
		{78D57AEB-3FF0-4CE5-BB58-BCB7A49407E9}.Ad-Hoc|Any CPU.Build.0 = Release|Any CPU
		{78D57AEB-3FF0-4CE5-BB58-BCB7A49407E9}.Ad-Hoc|ARM.ActiveCfg = Release|Any CPU
		{78D57AEB-3FF0-4CE5-BB58-BCB7A49407E9}.Ad-Hoc|ARM.Build.0 = Release|Any CPU
		{78D57AEB-3FF0-4CE5-BB58-BCB7A49407E9}.Ad-Hoc|iPhone.ActiveCfg = Release|Any CPU
		{78D57AEB-3FF0-4CE5-BB58-BCB7A49407E9}.Ad-Hoc|iPhone.Build.0 = Release|Any CPU
		{78D57AEB-3FF0-4CE5-BB58-BCB7A49407E9}.Ad-Hoc|iPhoneSimulator.ActiveCfg = Release|Any CPU
		{78D57AEB-3FF0-4CE5-BB58-BCB7A49407E9}.Ad-Hoc|iPhoneSimulator.Build.0 = Release|Any CPU
		{78D57AEB-3FF0-4CE5-BB58-BCB7A49407E9}.Ad-Hoc|x64.ActiveCfg = Release|Any CPU
		{78D57AEB-3FF0-4CE5-BB58-BCB7A49407E9}.Ad-Hoc|x64.Build.0 = Release|Any CPU
		{78D57AEB-3FF0-4CE5-BB58-BCB7A49407E9}.Ad-Hoc|x86.ActiveCfg = Release|Any CPU
		{78D57AEB-3FF0-4CE5-BB58-BCB7A49407E9}.Ad-Hoc|x86.Build.0 = Release|Any CPU
		{78D57AEB-3FF0-4CE5-BB58-BCB7A49407E9}.AppStore|Any CPU.ActiveCfg = Release|Any CPU
		{78D57AEB-3FF0-4CE5-BB58-BCB7A49407E9}.AppStore|Any CPU.Build.0 = Release|Any CPU
		{78D57AEB-3FF0-4CE5-BB58-BCB7A49407E9}.AppStore|ARM.ActiveCfg = Release|Any CPU
		{78D57AEB-3FF0-4CE5-BB58-BCB7A49407E9}.AppStore|ARM.Build.0 = Release|Any CPU
		{78D57AEB-3FF0-4CE5-BB58-BCB7A49407E9}.AppStore|iPhone.ActiveCfg = Release|Any CPU
		{78D57AEB-3FF0-4CE5-BB58-BCB7A49407E9}.AppStore|iPhone.Build.0 = Release|Any CPU
		{78D57AEB-3FF0-4CE5-BB58-BCB7A49407E9}.AppStore|iPhoneSimulator.ActiveCfg = Release|Any CPU
		{78D57AEB-3FF0-4CE5-BB58-BCB7A49407E9}.AppStore|iPhoneSimulator.Build.0 = Release|Any CPU
		{78D57AEB-3FF0-4CE5-BB58-BCB7A49407E9}.AppStore|x64.ActiveCfg = Release|Any CPU
		{78D57AEB-3FF0-4CE5-BB58-BCB7A49407E9}.AppStore|x64.Build.0 = Release|Any CPU
		{78D57AEB-3FF0-4CE5-BB58-BCB7A49407E9}.AppStore|x86.ActiveCfg = Release|Any CPU
		{78D57AEB-3FF0-4CE5-BB58-BCB7A49407E9}.AppStore|x86.Build.0 = Release|Any CPU
		{78D57AEB-3FF0-4CE5-BB58-BCB7A49407E9}.Debug|Any CPU.ActiveCfg = Debug|Any CPU
		{78D57AEB-3FF0-4CE5-BB58-BCB7A49407E9}.Debug|Any CPU.Build.0 = Debug|Any CPU
		{78D57AEB-3FF0-4CE5-BB58-BCB7A49407E9}.Debug|ARM.ActiveCfg = Debug|Any CPU
		{78D57AEB-3FF0-4CE5-BB58-BCB7A49407E9}.Debug|ARM.Build.0 = Debug|Any CPU
		{78D57AEB-3FF0-4CE5-BB58-BCB7A49407E9}.Debug|iPhone.ActiveCfg = Debug|Any CPU
		{78D57AEB-3FF0-4CE5-BB58-BCB7A49407E9}.Debug|iPhone.Build.0 = Debug|Any CPU
		{78D57AEB-3FF0-4CE5-BB58-BCB7A49407E9}.Debug|iPhoneSimulator.ActiveCfg = Debug|Any CPU
		{78D57AEB-3FF0-4CE5-BB58-BCB7A49407E9}.Debug|iPhoneSimulator.Build.0 = Debug|Any CPU
		{78D57AEB-3FF0-4CE5-BB58-BCB7A49407E9}.Debug|x64.ActiveCfg = Debug|Any CPU
		{78D57AEB-3FF0-4CE5-BB58-BCB7A49407E9}.Debug|x64.Build.0 = Debug|Any CPU
		{78D57AEB-3FF0-4CE5-BB58-BCB7A49407E9}.Debug|x86.ActiveCfg = Debug|Any CPU
		{78D57AEB-3FF0-4CE5-BB58-BCB7A49407E9}.Debug|x86.Build.0 = Debug|Any CPU
		{78D57AEB-3FF0-4CE5-BB58-BCB7A49407E9}.Release|Any CPU.ActiveCfg = Release|Any CPU
		{78D57AEB-3FF0-4CE5-BB58-BCB7A49407E9}.Release|Any CPU.Build.0 = Release|Any CPU
		{78D57AEB-3FF0-4CE5-BB58-BCB7A49407E9}.Release|ARM.ActiveCfg = Release|Any CPU
		{78D57AEB-3FF0-4CE5-BB58-BCB7A49407E9}.Release|ARM.Build.0 = Release|Any CPU
		{78D57AEB-3FF0-4CE5-BB58-BCB7A49407E9}.Release|iPhone.ActiveCfg = Release|Any CPU
		{78D57AEB-3FF0-4CE5-BB58-BCB7A49407E9}.Release|iPhone.Build.0 = Release|Any CPU
		{78D57AEB-3FF0-4CE5-BB58-BCB7A49407E9}.Release|iPhoneSimulator.ActiveCfg = Release|Any CPU
		{78D57AEB-3FF0-4CE5-BB58-BCB7A49407E9}.Release|iPhoneSimulator.Build.0 = Release|Any CPU
		{78D57AEB-3FF0-4CE5-BB58-BCB7A49407E9}.Release|x64.ActiveCfg = Release|Any CPU
		{78D57AEB-3FF0-4CE5-BB58-BCB7A49407E9}.Release|x64.Build.0 = Release|Any CPU
		{78D57AEB-3FF0-4CE5-BB58-BCB7A49407E9}.Release|x86.ActiveCfg = Release|Any CPU
		{78D57AEB-3FF0-4CE5-BB58-BCB7A49407E9}.Release|x86.Build.0 = Release|Any CPU
		{02FBBD73-17DD-4221-93E0-DFF99FAB4A74}.Ad-Hoc|Any CPU.ActiveCfg = Release|x64
		{02FBBD73-17DD-4221-93E0-DFF99FAB4A74}.Ad-Hoc|Any CPU.Build.0 = Release|x64
		{02FBBD73-17DD-4221-93E0-DFF99FAB4A74}.Ad-Hoc|Any CPU.Deploy.0 = Release|x64
		{02FBBD73-17DD-4221-93E0-DFF99FAB4A74}.Ad-Hoc|ARM.ActiveCfg = Release|ARM
		{02FBBD73-17DD-4221-93E0-DFF99FAB4A74}.Ad-Hoc|ARM.Build.0 = Release|ARM
		{02FBBD73-17DD-4221-93E0-DFF99FAB4A74}.Ad-Hoc|ARM.Deploy.0 = Release|ARM
		{02FBBD73-17DD-4221-93E0-DFF99FAB4A74}.Ad-Hoc|ARM64.ActiveCfg = Release|ARM64
		{02FBBD73-17DD-4221-93E0-DFF99FAB4A74}.Ad-Hoc|ARM64.Build.0 = Release|ARM64
		{02FBBD73-17DD-4221-93E0-DFF99FAB4A74}.Ad-Hoc|ARM64.Deploy.0 = Release|ARM64
		{02FBBD73-17DD-4221-93E0-DFF99FAB4A74}.Ad-Hoc|iPhone.ActiveCfg = Release|x64
		{02FBBD73-17DD-4221-93E0-DFF99FAB4A74}.Ad-Hoc|iPhone.Build.0 = Release|x64
		{02FBBD73-17DD-4221-93E0-DFF99FAB4A74}.Ad-Hoc|iPhone.Deploy.0 = Release|x64
		{02FBBD73-17DD-4221-93E0-DFF99FAB4A74}.Ad-Hoc|iPhoneSimulator.ActiveCfg = Release|x64
		{02FBBD73-17DD-4221-93E0-DFF99FAB4A74}.Ad-Hoc|iPhoneSimulator.Build.0 = Release|x64
		{02FBBD73-17DD-4221-93E0-DFF99FAB4A74}.Ad-Hoc|iPhoneSimulator.Deploy.0 = Release|x64
		{02FBBD73-17DD-4221-93E0-DFF99FAB4A74}.Ad-Hoc|x64.ActiveCfg = Release|x64
		{02FBBD73-17DD-4221-93E0-DFF99FAB4A74}.Ad-Hoc|x64.Build.0 = Release|x64
		{02FBBD73-17DD-4221-93E0-DFF99FAB4A74}.Ad-Hoc|x64.Deploy.0 = Release|x64
		{02FBBD73-17DD-4221-93E0-DFF99FAB4A74}.Ad-Hoc|x86.ActiveCfg = Release|x86
		{02FBBD73-17DD-4221-93E0-DFF99FAB4A74}.Ad-Hoc|x86.Build.0 = Release|x86
		{02FBBD73-17DD-4221-93E0-DFF99FAB4A74}.Ad-Hoc|x86.Deploy.0 = Release|x86
		{02FBBD73-17DD-4221-93E0-DFF99FAB4A74}.AppStore|Any CPU.ActiveCfg = Release|x64
		{02FBBD73-17DD-4221-93E0-DFF99FAB4A74}.AppStore|Any CPU.Build.0 = Release|x64
		{02FBBD73-17DD-4221-93E0-DFF99FAB4A74}.AppStore|Any CPU.Deploy.0 = Release|x64
		{02FBBD73-17DD-4221-93E0-DFF99FAB4A74}.AppStore|ARM.ActiveCfg = Release|ARM
		{02FBBD73-17DD-4221-93E0-DFF99FAB4A74}.AppStore|ARM.Build.0 = Release|ARM
		{02FBBD73-17DD-4221-93E0-DFF99FAB4A74}.AppStore|ARM.Deploy.0 = Release|ARM
		{02FBBD73-17DD-4221-93E0-DFF99FAB4A74}.AppStore|ARM64.ActiveCfg = Release|ARM64
		{02FBBD73-17DD-4221-93E0-DFF99FAB4A74}.AppStore|ARM64.Build.0 = Release|ARM64
		{02FBBD73-17DD-4221-93E0-DFF99FAB4A74}.AppStore|ARM64.Deploy.0 = Release|ARM64
		{02FBBD73-17DD-4221-93E0-DFF99FAB4A74}.AppStore|iPhone.ActiveCfg = Release|x64
		{02FBBD73-17DD-4221-93E0-DFF99FAB4A74}.AppStore|iPhone.Build.0 = Release|x64
		{02FBBD73-17DD-4221-93E0-DFF99FAB4A74}.AppStore|iPhone.Deploy.0 = Release|x64
		{02FBBD73-17DD-4221-93E0-DFF99FAB4A74}.AppStore|iPhoneSimulator.ActiveCfg = Release|x64
		{02FBBD73-17DD-4221-93E0-DFF99FAB4A74}.AppStore|iPhoneSimulator.Build.0 = Release|x64
		{02FBBD73-17DD-4221-93E0-DFF99FAB4A74}.AppStore|iPhoneSimulator.Deploy.0 = Release|x64
		{02FBBD73-17DD-4221-93E0-DFF99FAB4A74}.AppStore|x64.ActiveCfg = Release|x64
		{02FBBD73-17DD-4221-93E0-DFF99FAB4A74}.AppStore|x64.Build.0 = Release|x64
		{02FBBD73-17DD-4221-93E0-DFF99FAB4A74}.AppStore|x64.Deploy.0 = Release|x64
		{02FBBD73-17DD-4221-93E0-DFF99FAB4A74}.AppStore|x86.ActiveCfg = Release|x86
		{02FBBD73-17DD-4221-93E0-DFF99FAB4A74}.AppStore|x86.Build.0 = Release|x86
		{02FBBD73-17DD-4221-93E0-DFF99FAB4A74}.AppStore|x86.Deploy.0 = Release|x86
		{02FBBD73-17DD-4221-93E0-DFF99FAB4A74}.Debug|Any CPU.ActiveCfg = Debug|x86
		{02FBBD73-17DD-4221-93E0-DFF99FAB4A74}.Debug|ARM.ActiveCfg = Debug|ARM
		{02FBBD73-17DD-4221-93E0-DFF99FAB4A74}.Debug|ARM.Build.0 = Debug|ARM
		{02FBBD73-17DD-4221-93E0-DFF99FAB4A74}.Debug|ARM.Deploy.0 = Debug|ARM
		{02FBBD73-17DD-4221-93E0-DFF99FAB4A74}.Debug|ARM64.ActiveCfg = Debug|ARM64
		{02FBBD73-17DD-4221-93E0-DFF99FAB4A74}.Debug|ARM64.Build.0 = Debug|ARM64
		{02FBBD73-17DD-4221-93E0-DFF99FAB4A74}.Debug|ARM64.Deploy.0 = Debug|ARM64
		{02FBBD73-17DD-4221-93E0-DFF99FAB4A74}.Debug|iPhone.ActiveCfg = Debug|x86
		{02FBBD73-17DD-4221-93E0-DFF99FAB4A74}.Debug|iPhoneSimulator.ActiveCfg = Debug|x86
		{02FBBD73-17DD-4221-93E0-DFF99FAB4A74}.Debug|x64.ActiveCfg = Debug|x64
		{02FBBD73-17DD-4221-93E0-DFF99FAB4A74}.Debug|x64.Build.0 = Debug|x64
		{02FBBD73-17DD-4221-93E0-DFF99FAB4A74}.Debug|x64.Deploy.0 = Debug|x64
		{02FBBD73-17DD-4221-93E0-DFF99FAB4A74}.Debug|x86.ActiveCfg = Debug|x86
		{02FBBD73-17DD-4221-93E0-DFF99FAB4A74}.Debug|x86.Build.0 = Debug|x86
		{02FBBD73-17DD-4221-93E0-DFF99FAB4A74}.Debug|x86.Deploy.0 = Debug|x86
		{02FBBD73-17DD-4221-93E0-DFF99FAB4A74}.Release|Any CPU.ActiveCfg = Release|x86
		{02FBBD73-17DD-4221-93E0-DFF99FAB4A74}.Release|ARM.ActiveCfg = Release|ARM
		{02FBBD73-17DD-4221-93E0-DFF99FAB4A74}.Release|ARM.Build.0 = Release|ARM
		{02FBBD73-17DD-4221-93E0-DFF99FAB4A74}.Release|ARM.Deploy.0 = Release|ARM
		{02FBBD73-17DD-4221-93E0-DFF99FAB4A74}.Release|ARM64.ActiveCfg = Release|ARM64
		{02FBBD73-17DD-4221-93E0-DFF99FAB4A74}.Release|ARM64.Build.0 = Release|ARM64
		{02FBBD73-17DD-4221-93E0-DFF99FAB4A74}.Release|ARM64.Deploy.0 = Release|ARM64
		{02FBBD73-17DD-4221-93E0-DFF99FAB4A74}.Release|iPhone.ActiveCfg = Release|x86
		{02FBBD73-17DD-4221-93E0-DFF99FAB4A74}.Release|iPhoneSimulator.ActiveCfg = Release|x86
		{02FBBD73-17DD-4221-93E0-DFF99FAB4A74}.Release|x64.ActiveCfg = Release|x64
		{02FBBD73-17DD-4221-93E0-DFF99FAB4A74}.Release|x64.Build.0 = Release|x64
		{02FBBD73-17DD-4221-93E0-DFF99FAB4A74}.Release|x64.Deploy.0 = Release|x64
		{02FBBD73-17DD-4221-93E0-DFF99FAB4A74}.Release|x86.ActiveCfg = Release|x86
		{02FBBD73-17DD-4221-93E0-DFF99FAB4A74}.Release|x86.Build.0 = Release|x86
		{02FBBD73-17DD-4221-93E0-DFF99FAB4A74}.Release|x86.Deploy.0 = Release|x86
	EndGlobalSection
	GlobalSection(SolutionProperties) = preSolution
		HideSolutionNode = FALSE
	EndGlobalSection
	GlobalSection(ExtensibilityGlobals) = postSolution
		SolutionGuid = {F6D05029-56B8-4E45-AF2D-0E76295DDBA2}
	EndGlobalSection
EndGlobal
